
Microsoft Visual Studio Solution File, Format Version 12.00
# Visual Studio Version 16
VisualStudioVersion = 16.0.28729.10
MinimumVisualStudioVersion = 10.0.40219.1
Project("{FAE04EC0-301F-11D3-BF4B-00C04F79EFBC}") = "Examen-IIParcial", "Examen-IIParcial.csproj", "{F04F1759-7A2E-44B5-9E8B-F0F58B1ACC21}"
EndProject
Global
	GlobalSection(SolutionConfigurationPlatforms) = preSolution
		Debug|Any CPU = Debug|Any CPU
		Release|Any CPU = Release|Any CPU
	EndGlobalSection
	GlobalSection(ProjectConfigurationPlatforms) = postSolution
		{F04F1759-7A2E-44B5-9E8B-F0F58B1ACC21}.Debug|Any CPU.ActiveCfg = Debug|Any CPU
		{F04F1759-7A2E-44B5-9E8B-F0F58B1ACC21}.Debug|Any CPU.Build.0 = Debug|Any CPU
		{F04F1759-7A2E-44B5-9E8B-F0F58B1ACC21}.Release|Any CPU.ActiveCfg = Release|Any CPU
		{F04F1759-7A2E-44B5-9E8B-F0F58B1ACC21}.Release|Any CPU.Build.0 = Release|Any CPU
	EndGlobalSection
	GlobalSection(SolutionProperties) = preSolution
		HideSolutionNode = FALSE
	EndGlobalSection
	GlobalSection(ExtensibilityGlobals) = postSolution
		SolutionGuid = {795FD1FB-0C10-4DCD-8E0B-58943B1A1A1E}
	EndGlobalSection
EndGlobal
